// !$*UTF8*$!
{
	archiveVersion = 1;
	classes = {
	};
	objectVersion = 46;
	objects = {

/* Begin PBXBuildFile section */
		04B449111F97935600B69338 /* AppDelegate.swift in Sources */ = {isa = PBXBuildFile; fileRef = 04B449101F97935600B69338 /* AppDelegate.swift */; };
		04B449131F97935600B69338 /* ViewController.swift in Sources */ = {isa = PBXBuildFile; fileRef = 04B449121F97935600B69338 /* ViewController.swift */; };
		04B449161F97935600B69338 /* Main.storyboard in Resources */ = {isa = PBXBuildFile; fileRef = 04B449141F97935600B69338 /* Main.storyboard */; };
		04B449181F97935600B69338 /* Assets.xcassets in Resources */ = {isa = PBXBuildFile; fileRef = 04B449171F97935600B69338 /* Assets.xcassets */; };
		04B4491B1F97935600B69338 /* LaunchScreen.storyboard in Resources */ = {isa = PBXBuildFile; fileRef = 04B449191F97935600B69338 /* LaunchScreen.storyboard */; };
		04B449261F97935700B69338 /* Interactive_StoryTests.swift in Sources */ = {isa = PBXBuildFile; fileRef = 04B449251F97935700B69338 /* Interactive_StoryTests.swift */; };
		04B449311F97935700B69338 /* Interactive_StoryUITests.swift in Sources */ = {isa = PBXBuildFile; fileRef = 04B449301F97935700B69338 /* Interactive_StoryUITests.swift */; };
		04B4493F1F979BBA00B69338 /* Story.swift in Sources */ = {isa = PBXBuildFile; fileRef = 04B4493E1F979BBA00B69338 /* Story.swift */; };
		04B449411F97A08A00B69338 /* Page.swift in Sources */ = {isa = PBXBuildFile; fileRef = 04B449401F97A08A00B69338 /* Page.swift */; };
		04B449431F98C03900B69338 /* PageController.swift in Sources */ = {isa = PBXBuildFile; fileRef = 04B449421F98C03900B69338 /* PageController.swift */; };
/* End PBXBuildFile section */

/* Begin PBXContainerItemProxy section */
		04B449221F97935700B69338 /* PBXContainerItemProxy */ = {
			isa = PBXContainerItemProxy;
			containerPortal = 04B449051F97935600B69338 /* Project object */;
			proxyType = 1;
			remoteGlobalIDString = 04B4490C1F97935600B69338;
			remoteInfo = "Interactive Story";
		};
		04B4492D1F97935700B69338 /* PBXContainerItemProxy */ = {
			isa = PBXContainerItemProxy;
			containerPortal = 04B449051F97935600B69338 /* Project object */;
			proxyType = 1;
			remoteGlobalIDString = 04B4490C1F97935600B69338;
			remoteInfo = "Interactive Story";
		};
/* End PBXContainerItemProxy section */

/* Begin PBXFileReference section */
		04B4490D1F97935600B69338 /* Interactive Story.app */ = {isa = PBXFileReference; explicitFileType = wrapper.application; includeInIndex = 0; path = "Interactive Story.app"; sourceTree = BUILT_PRODUCTS_DIR; };
		04B449101F97935600B69338 /* AppDelegate.swift */ = {isa = PBXFileReference; lastKnownFileType = sourcecode.swift; path = AppDelegate.swift; sourceTree = "<group>"; };
		04B449121F97935600B69338 /* ViewController.swift */ = {isa = PBXFileReference; lastKnownFileType = sourcecode.swift; path = ViewController.swift; sourceTree = "<group>"; };
		04B449151F97935600B69338 /* Base */ = {isa = PBXFileReference; lastKnownFileType = file.storyboard; name = Base; path = Base.lproj/Main.storyboard; sourceTree = "<group>"; };
		04B449171F97935600B69338 /* Assets.xcassets */ = {isa = PBXFileReference; lastKnownFileType = folder.assetcatalog; path = Assets.xcassets; sourceTree = "<group>"; };
		04B4491A1F97935600B69338 /* Base */ = {isa = PBXFileReference; lastKnownFileType = file.storyboard; name = Base; path = Base.lproj/LaunchScreen.storyboard; sourceTree = "<group>"; };
		04B4491C1F97935600B69338 /* Info.plist */ = {isa = PBXFileReference; lastKnownFileType = text.plist.xml; path = Info.plist; sourceTree = "<group>"; };
		04B449211F97935700B69338 /* Interactive StoryTests.xctest */ = {isa = PBXFileReference; explicitFileType = wrapper.cfbundle; includeInIndex = 0; path = "Interactive StoryTests.xctest"; sourceTree = BUILT_PRODUCTS_DIR; };
		04B449251F97935700B69338 /* Interactive_StoryTests.swift */ = {isa = PBXFileReference; lastKnownFileType = sourcecode.swift; path = Interactive_StoryTests.swift; sourceTree = "<group>"; };
		04B449271F97935700B69338 /* Info.plist */ = {isa = PBXFileReference; lastKnownFileType = text.plist.xml; path = Info.plist; sourceTree = "<group>"; };
		04B4492C1F97935700B69338 /* Interactive StoryUITests.xctest */ = {isa = PBXFileReference; explicitFileType = wrapper.cfbundle; includeInIndex = 0; path = "Interactive StoryUITests.xctest"; sourceTree = BUILT_PRODUCTS_DIR; };
		04B449301F97935700B69338 /* Interactive_StoryUITests.swift */ = {isa = PBXFileReference; lastKnownFileType = sourcecode.swift; path = Interactive_StoryUITests.swift; sourceTree = "<group>"; };
		04B449321F97935700B69338 /* Info.plist */ = {isa = PBXFileReference; lastKnownFileType = text.plist.xml; path = Info.plist; sourceTree = "<group>"; };
		04B4493E1F979BBA00B69338 /* Story.swift */ = {isa = PBXFileReference; fileEncoding = 4; lastKnownFileType = sourcecode.swift; path = Story.swift; sourceTree = "<group>"; };
		04B449401F97A08A00B69338 /* Page.swift */ = {isa = PBXFileReference; fileEncoding = 4; lastKnownFileType = sourcecode.swift; path = Page.swift; sourceTree = "<group>"; };
		04B449421F98C03900B69338 /* PageController.swift */ = {isa = PBXFileReference; fileEncoding = 4; lastKnownFileType = sourcecode.swift; path = PageController.swift; sourceTree = "<group>"; };
/* End PBXFileReference section */

/* Begin PBXFrameworksBuildPhase section */
		04B4490A1F97935600B69338 /* Frameworks */ = {
			isa = PBXFrameworksBuildPhase;
			buildActionMask = 2147483647;
			files = (
			);
			runOnlyForDeploymentPostprocessing = 0;
		};
		04B4491E1F97935700B69338 /* Frameworks */ = {
			isa = PBXFrameworksBuildPhase;
			buildActionMask = 2147483647;
			files = (
			);
			runOnlyForDeploymentPostprocessing = 0;
		};
		04B449291F97935700B69338 /* Frameworks */ = {
			isa = PBXFrameworksBuildPhase;
			buildActionMask = 2147483647;
			files = (
			);
			runOnlyForDeploymentPostprocessing = 0;
		};
/* End PBXFrameworksBuildPhase section */

/* Begin PBXGroup section */
		04B449041F97935600B69338 = {
			isa = PBXGroup;
			children = (
				04B4490F1F97935600B69338 /* Interactive Story */,
				04B449241F97935700B69338 /* Interactive StoryTests */,
				04B4492F1F97935700B69338 /* Interactive StoryUITests */,
				04B4490E1F97935600B69338 /* Products */,
			);
			sourceTree = "<group>";
		};
		04B4490E1F97935600B69338 /* Products */ = {
			isa = PBXGroup;
			children = (
				04B4490D1F97935600B69338 /* Interactive Story.app */,
				04B449211F97935700B69338 /* Interactive StoryTests.xctest */,
				04B4492C1F97935700B69338 /* Interactive StoryUITests.xctest */,
			);
			name = Products;
			sourceTree = "<group>";
		};
		04B4490F1F97935600B69338 /* Interactive Story */ = {
			isa = PBXGroup;
			children = (
				04B449101F97935600B69338 /* AppDelegate.swift */,
				04B449121F97935600B69338 /* ViewController.swift */,
				04B4493E1F979BBA00B69338 /* Story.swift */,
				04B449401F97A08A00B69338 /* Page.swift */,
				04B449421F98C03900B69338 /* PageController.swift */,
				04B449141F97935600B69338 /* Main.storyboard */,
				04B449171F97935600B69338 /* Assets.xcassets */,
				04B449191F97935600B69338 /* LaunchScreen.storyboard */,
				04B4491C1F97935600B69338 /* Info.plist */,
			);
			path = "Interactive Story";
			sourceTree = "<group>";
		};
		04B449241F97935700B69338 /* Interactive StoryTests */ = {
			isa = PBXGroup;
			children = (
				04B449251F97935700B69338 /* Interactive_StoryTests.swift */,
				04B449271F97935700B69338 /* Info.plist */,
			);
			path = "Interactive StoryTests";
			sourceTree = "<group>";
		};
		04B4492F1F97935700B69338 /* Interactive StoryUITests */ = {
			isa = PBXGroup;
			children = (
				04B449301F97935700B69338 /* Interactive_StoryUITests.swift */,
				04B449321F97935700B69338 /* Info.plist */,
			);
			path = "Interactive StoryUITests";
			sourceTree = "<group>";
		};
/* End PBXGroup section */

/* Begin PBXNativeTarget section */
		04B4490C1F97935600B69338 /* Interactive Story */ = {
			isa = PBXNativeTarget;
			buildConfigurationList = 04B449351F97935700B69338 /* Build configuration list for PBXNativeTarget "Interactive Story" */;
			buildPhases = (
				04B449091F97935600B69338 /* Sources */,
				04B4490A1F97935600B69338 /* Frameworks */,
				04B4490B1F97935600B69338 /* Resources */,
			);
			buildRules = (
			);
			dependencies = (
			);
			name = "Interactive Story";
			productName = "Interactive Story";
			productReference = 04B4490D1F97935600B69338 /* Interactive Story.app */;
			productType = "com.apple.product-type.application";
		};
		04B449201F97935700B69338 /* Interactive StoryTests */ = {
			isa = PBXNativeTarget;
			buildConfigurationList = 04B449381F97935700B69338 /* Build configuration list for PBXNativeTarget "Interactive StoryTests" */;
			buildPhases = (
				04B4491D1F97935700B69338 /* Sources */,
				04B4491E1F97935700B69338 /* Frameworks */,
				04B4491F1F97935700B69338 /* Resources */,
			);
			buildRules = (
			);
			dependencies = (
				04B449231F97935700B69338 /* PBXTargetDependency */,
			);
			name = "Interactive StoryTests";
			productName = "Interactive StoryTests";
			productReference = 04B449211F97935700B69338 /* Interactive StoryTests.xctest */;
			productType = "com.apple.product-type.bundle.unit-test";
		};
		04B4492B1F97935700B69338 /* Interactive StoryUITests */ = {
			isa = PBXNativeTarget;
			buildConfigurationList = 04B4493B1F97935700B69338 /* Build configuration list for PBXNativeTarget "Interactive StoryUITests" */;
			buildPhases = (
				04B449281F97935700B69338 /* Sources */,
				04B449291F97935700B69338 /* Frameworks */,
				04B4492A1F97935700B69338 /* Resources */,
			);
			buildRules = (
			);
			dependencies = (
				04B4492E1F97935700B69338 /* PBXTargetDependency */,
			);
			name = "Interactive StoryUITests";
			productName = "Interactive StoryUITests";
			productReference = 04B4492C1F97935700B69338 /* Interactive StoryUITests.xctest */;
			productType = "com.apple.product-type.bundle.ui-testing";
		};
/* End PBXNativeTarget section */

/* Begin PBXProject section */
		04B449051F97935600B69338 /* Project object */ = {
			isa = PBXProject;
			attributes = {
				LastSwiftUpdateCheck = 0830;
				LastUpgradeCheck = 0830;
				ORGANIZATIONNAME = "Smart Soft";
				TargetAttributes = {
					04B4490C1F97935600B69338 = {
						CreatedOnToolsVersion = 8.3.3;
						DevelopmentTeam = Q9Z6XC9PP3;
						ProvisioningStyle = Automatic;
					};
					04B449201F97935700B69338 = {
						CreatedOnToolsVersion = 8.3.3;
						DevelopmentTeam = Q9Z6XC9PP3;
						ProvisioningStyle = Automatic;
						TestTargetID = 04B4490C1F97935600B69338;
					};
					04B4492B1F97935700B69338 = {
						CreatedOnToolsVersion = 8.3.3;
						DevelopmentTeam = Q9Z6XC9PP3;
						ProvisioningStyle = Automatic;
						TestTargetID = 04B4490C1F97935600B69338;
					};
				};
			};
			buildConfigurationList = 04B449081F97935600B69338 /* Build configuration list for PBXProject "Interactive Story" */;
			compatibilityVersion = "Xcode 3.2";
			developmentRegion = English;
			hasScannedForEncodings = 0;
			knownRegions = (
				en,
				Base,
			);
			mainGroup = 04B449041F97935600B69338;
			productRefGroup = 04B4490E1F97935600B69338 /* Products */;
			projectDirPath = "";
			projectRoot = "";
			targets = (
				04B4490C1F97935600B69338 /* Interactive Story */,
				04B449201F97935700B69338 /* Interactive StoryTests */,
				04B4492B1F97935700B69338 /* Interactive StoryUITests */,
			);
		};
/* End PBXProject section */

/* Begin PBXResourcesBuildPhase section */
		04B4490B1F97935600B69338 /* Resources */ = {
			isa = PBXResourcesBuildPhase;
			buildActionMask = 2147483647;
			files = (
				04B4491B1F97935600B69338 /* LaunchScreen.storyboard in Resources */,
				04B449181F97935600B69338 /* Assets.xcassets in Resources */,
				04B449161F97935600B69338 /* Main.storyboard in Resources */,
			);
			runOnlyForDeploymentPostprocessing = 0;
		};
		04B4491F1F97935700B69338 /* Resources */ = {
			isa = PBXResourcesBuildPhase;
			buildActionMask = 2147483647;
			files = (
			);
			runOnlyForDeploymentPostprocessing = 0;
		};
		04B4492A1F97935700B69338 /* Resources */ = {
			isa = PBXResourcesBuildPhase;
			buildActionMask = 2147483647;
			files = (
			);
			runOnlyForDeploymentPostprocessing = 0;
		};
/* End PBXResourcesBuildPhase section */

/* Begin PBXSourcesBuildPhase section */
		04B449091F97935600B69338 /* Sources */ = {
			isa = PBXSourcesBuildPhase;
			buildActionMask = 2147483647;
			files = (
				04B449131F97935600B69338 /* ViewController.swift in Sources */,
				04B449111F97935600B69338 /* AppDelegate.swift in Sources */,
				04B449411F97A08A00B69338 /* Page.swift in Sources */,
				04B4493F1F979BBA00B69338 /* Story.swift in Sources */,
				04B449431F98C03900B69338 /* PageController.swift in Sources */,
			);
			runOnlyForDeploymentPostprocessing = 0;
		};
		04B4491D1F97935700B69338 /* Sources */ = {
			isa = PBXSourcesBuildPhase;
			buildActionMask = 2147483647;
			files = (
				04B449261F97935700B69338 /* Interactive_StoryTests.swift in Sources */,
			);
			runOnlyForDeploymentPostprocessing = 0;
		};
		04B449281F97935700B69338 /* Sources */ = {
			isa = PBXSourcesBuildPhase;
			buildActionMask = 2147483647;
			files = (
				04B449311F97935700B69338 /* Interactive_StoryUITests.swift in Sources */,
			);
			runOnlyForDeploymentPostprocessing = 0;
		};
/* End PBXSourcesBuildPhase section */

/* Begin PBXTargetDependency section */
		04B449231F97935700B69338 /* PBXTargetDependency */ = {
			isa = PBXTargetDependency;
			target = 04B4490C1F97935600B69338 /* Interactive Story */;
			targetProxy = 04B449221F97935700B69338 /* PBXContainerItemProxy */;
		};
		04B4492E1F97935700B69338 /* PBXTargetDependency */ = {
			isa = PBXTargetDependency;
			target = 04B4490C1F97935600B69338 /* Interactive Story */;
			targetProxy = 04B4492D1F97935700B69338 /* PBXContainerItemProxy */;
		};
/* End PBXTargetDependency section */

/* Begin PBXVariantGroup section */
		04B449141F97935600B69338 /* Main.storyboard */ = {
			isa = PBXVariantGroup;
			children = (
				04B449151F97935600B69338 /* Base */,
			);
			name = Main.storyboard;
			sourceTree = "<group>";
		};
		04B449191F97935600B69338 /* LaunchScreen.storyboard */ = {
			isa = PBXVariantGroup;
			children = (
				04B4491A1F97935600B69338 /* Base */,
			);
			name = LaunchScreen.storyboard;
			sourceTree = "<group>";
		};
/* End PBXVariantGroup section */

/* Begin XCBuildConfiguration section */
		04B449331F97935700B69338 /* Debug */ = {
			isa = XCBuildConfiguration;
			buildSettings = {
				ALWAYS_SEARCH_USER_PATHS = NO;
				CLANG_ANALYZER_NONNULL = YES;
				CLANG_ANALYZER_NUMBER_OBJECT_CONVERSION = YES_AGGRESSIVE;
				CLANG_CXX_LANGUAGE_STANDARD = "gnu++0x";
				CLANG_CXX_LIBRARY = "libc++";
				CLANG_ENABLE_MODULES = YES;
				CLANG_ENABLE_OBJC_ARC = YES;
				CLANG_WARN_BOOL_CONVERSION = YES;
				CLANG_WARN_CONSTANT_CONVERSION = YES;
				CLANG_WARN_DIRECT_OBJC_ISA_USAGE = YES_ERROR;
				CLANG_WARN_DOCUMENTATION_COMMENTS = YES;
				CLANG_WARN_EMPTY_BODY = YES;
				CLANG_WARN_ENUM_CONVERSION = YES;
				CLANG_WARN_INFINITE_RECURSION = YES;
				CLANG_WARN_INT_CONVERSION = YES;
				CLANG_WARN_OBJC_ROOT_CLASS = YES_ERROR;
				CLANG_WARN_SUSPICIOUS_MOVE = YES;
				CLANG_WARN_UNREACHABLE_CODE = YES;
				CLANG_WARN__DUPLICATE_METHOD_MATCH = YES;
				"CODE_SIGN_IDENTITY[sdk=iphoneos*]" = "iPhone Developer";
				COPY_PHASE_STRIP = NO;
				DEBUG_INFORMATION_FORMAT = dwarf;
				ENABLE_STRICT_OBJC_MSGSEND = YES;
				ENABLE_TESTABILITY = YES;
				GCC_C_LANGUAGE_STANDARD = gnu99;
				GCC_DYNAMIC_NO_PIC = NO;
				GCC_NO_COMMON_BLOCKS = YES;
				GCC_OPTIMIZATION_LEVEL = 0;
				GCC_PREPROCESSOR_DEFINITIONS = (
					"DEBUG=1",
					"$(inherited)",
				);
				GCC_WARN_64_TO_32_BIT_CONVERSION = YES;
				GCC_WARN_ABOUT_RETURN_TYPE = YES_ERROR;
				GCC_WARN_UNDECLARED_SELECTOR = YES;
				GCC_WARN_UNINITIALIZED_AUTOS = YES_AGGRESSIVE;
				GCC_WARN_UNUSED_FUNCTION = YES;
				GCC_WARN_UNUSED_VARIABLE = YES;
				IPHONEOS_DEPLOYMENT_TARGET = 10.3;
				MTL_ENABLE_DEBUG_INFO = YES;
				ONLY_ACTIVE_ARCH = YES;
				SDKROOT = iphoneos;
				SWIFT_ACTIVE_COMPILATION_CONDITIONS = DEBUG;
				SWIFT_OPTIMIZATION_LEVEL = "-Onone";
				TARGETED_DEVICE_FAMILY = "1,2";
			};
			name = Debug;
		};
		04B449341F97935700B69338 /* Release */ = {
			isa = XCBuildConfiguration;
			buildSettings = {
				ALWAYS_SEARCH_USER_PATHS = NO;
				CLANG_ANALYZER_NONNULL = YES;
				CLANG_ANALYZER_NUMBER_OBJECT_CONVERSION = YES_AGGRESSIVE;
				CLANG_CXX_LANGUAGE_STANDARD = "gnu++0x";
				CLANG_CXX_LIBRARY = "libc++";
				CLANG_ENABLE_MODULES = YES;
				CLANG_ENABLE_OBJC_ARC = YES;
				CLANG_WARN_BOOL_CONVERSION = YES;
				CLANG_WARN_CONSTANT_CONVERSION = YES;
				CLANG_WARN_DIRECT_OBJC_ISA_USAGE = YES_ERROR;
				CLANG_WARN_DOCUMENTATION_COMMENTS = YES;
				CLANG_WARN_EMPTY_BODY = YES;
				CLANG_WARN_ENUM_CONVERSION = YES;
				CLANG_WARN_INFINITE_RECURSION = YES;
				CLANG_WARN_INT_CONVERSION = YES;
				CLANG_WARN_OBJC_ROOT_CLASS = YES_ERROR;
				CLANG_WARN_SUSPICIOUS_MOVE = YES;
				CLANG_WARN_UNREACHABLE_CODE = YES;
				CLANG_WARN__DUPLICATE_METHOD_MATCH = YES;
				"CODE_SIGN_IDENTITY[sdk=iphoneos*]" = "iPhone Developer";
				COPY_PHASE_STRIP = NO;
				DEBUG_INFORMATION_FORMAT = "dwarf-with-dsym";
				ENABLE_NS_ASSERTIONS = NO;
				ENABLE_STRICT_OBJC_MSGSEND = YES;
				GCC_C_LANGUAGE_STANDARD = gnu99;
				GCC_NO_COMMON_BLOCKS = YES;
				GCC_WARN_64_TO_32_BIT_CONVERSION = YES;
				GCC_WARN_ABOUT_RETURN_TYPE = YES_ERROR;
				GCC_WARN_UNDECLARED_SELECTOR = YES;
				GCC_WARN_UNINITIALIZED_AUTOS = YES_AGGRESSIVE;
				GCC_WARN_UNUSED_FUNCTION = YES;
				GCC_WARN_UNUSED_VARIABLE = YES;
				IPHONEOS_DEPLOYMENT_TARGET = 10.3;
				MTL_ENABLE_DEBUG_INFO = NO;
				SDKROOT = iphoneos;
				SWIFT_OPTIMIZATION_LEVEL = "-Owholemodule";
				TARGETED_DEVICE_FAMILY = "1,2";
				VALIDATE_PRODUCT = YES;
			};
			name = Release;
		};
		04B449361F97935700B69338 /* Debug */ = {
			isa = XCBuildConfiguration;
			buildSettings = {
				ASSETCATALOG_COMPILER_APPICON_NAME = AppIcon;
				DEVELOPMENT_TEAM = Q9Z6XC9PP3;
				INFOPLIST_FILE = "Interactive Story/Info.plist";
				LD_RUNPATH_SEARCH_PATHS = "$(inherited) @executable_path/Frameworks";
				PRODUCT_BUNDLE_IDENTIFIER = "crescens.kob-gmail.com.Interactive-Story";
				PRODUCT_NAME = "$(TARGET_NAME)";
				SWIFT_VERSION = 3.0;
			};
			name = Debug;
		};
		04B449371F97935700B69338 /* Release */ = {
			isa = XCBuildConfiguration;
			buildSettings = {
				ASSETCATALOG_COMPILER_APPICON_NAME = AppIcon;
				DEVELOPMENT_TEAM = Q9Z6XC9PP3;
				INFOPLIST_FILE = "Interactive Story/Info.plist";
				LD_RUNPATH_SEARCH_PATHS = "$(inherited) @executable_path/Frameworks";
				PRODUCT_BUNDLE_IDENTIFIER = "crescens.kob-gmail.com.Interactive-Story";
				PRODUCT_NAME = "$(TARGET_NAME)";
				SWIFT_VERSION = 3.0;
			};
			name = Release;
		};
		04B449391F97935700B69338 /* Debug */ = {
			isa = XCBuildConfiguration;
			buildSettings = {
				ALWAYS_EMBED_SWIFT_STANDARD_LIBRARIES = YES;
				BUNDLE_LOADER = "$(TEST_HOST)";
				DEVELOPMENT_TEAM = Q9Z6XC9PP3;
				INFOPLIST_FILE = "Interactive StoryTests/Info.plist";
				LD_RUNPATH_SEARCH_PATHS = "$(inherited) @executable_path/Frameworks @loader_path/Frameworks";
				PRODUCT_BUNDLE_IDENTIFIER = "crescens.kob-gmail.com.Interactive-StoryTests";
				PRODUCT_NAME = "$(TARGET_NAME)";
				SWIFT_VERSION = 3.0;
				TEST_HOST = "$(BUILT_PRODUCTS_DIR)/Interactive Story.app/Interactive Story";
			};
			name = Debug;
		};
		04B4493A1F97935700B69338 /* Release */ = {
			isa = XCBuildConfiguration;
			buildSettings = {
				ALWAYS_EMBED_SWIFT_STANDARD_LIBRARIES = YES;
				BUNDLE_LOADER = "$(TEST_HOST)";
				DEVELOPMENT_TEAM = Q9Z6XC9PP3;
				INFOPLIST_FILE = "Interactive StoryTests/Info.plist";
				LD_RUNPATH_SEARCH_PATHS = "$(inherited) @executable_path/Frameworks @loader_path/Frameworks";
				PRODUCT_BUNDLE_IDENTIFIER = "crescens.kob-gmail.com.Interactive-StoryTests";
				PRODUCT_NAME = "$(TARGET_NAME)";
				SWIFT_VERSION = 3.0;
				TEST_HOST = "$(BUILT_PRODUCTS_DIR)/Interactive Story.app/Interactive Story";
			};
			name = Release;
		};
		04B4493C1F97935700B69338 /* Debug */ = {
			isa = XCBuildConfiguration;
			buildSettings = {
				ALWAYS_EMBED_SWIFT_STANDARD_LIBRARIES = YES;
				DEVELOPMENT_TEAM = Q9Z6XC9PP3;
				INFOPLIST_FILE = "Interactive StoryUITests/Info.plist";
				LD_RUNPATH_SEARCH_PATHS = "$(inherited) @executable_path/Frameworks @loader_path/Frameworks";
				PRODUCT_BUNDLE_IDENTIFIER = "crescens.kob-gmail.com.Interactive-StoryUITests";
				PRODUCT_NAME = "$(TARGET_NAME)";
				SWIFT_VERSION = 3.0;
				TEST_TARGET_NAME = "Interactive Story";
			};
			name = Debug;
		};
		04B4493D1F97935700B69338 /* Release */ = {
			isa = XCBuildConfiguration;
			buildSettings = {
				ALWAYS_EMBED_SWIFT_STANDARD_LIBRARIES = YES;
				DEVELOPMENT_TEAM = Q9Z6XC9PP3;
				INFOPLIST_FILE = "Interactive StoryUITests/Info.plist";
				LD_RUNPATH_SEARCH_PATHS = "$(inherited) @executable_path/Frameworks @loader_path/Frameworks";
				PRODUCT_BUNDLE_IDENTIFIER = "crescens.kob-gmail.com.Interactive-StoryUITests";
				PRODUCT_NAME = "$(TARGET_NAME)";
				SWIFT_VERSION = 3.0;
				TEST_TARGET_NAME = "Interactive Story";
			};
			name = Release;
		};
/* End XCBuildConfiguration section */

/* Begin XCConfigurationList section */
		04B449081F97935600B69338 /* Build configuration list for PBXProject "Interactive Story" */ = {
			isa = XCConfigurationList;
			buildConfigurations = (
				04B449331F97935700B69338 /* Debug */,
				04B449341F97935700B69338 /* Release */,
			);
			defaultConfigurationIsVisible = 0;
			defaultConfigurationName = Release;
		};
		04B449351F97935700B69338 /* Build configuration list for PBXNativeTarget "Interactive Story" */ = {
			isa = XCConfigurationList;
			buildConfigurations = (
				04B449361F97935700B69338 /* Debug */,
				04B449371F97935700B69338 /* Release */,
			);
			defaultConfigurationIsVisible = 0;
		};
		04B449381F97935700B69338 /* Build configuration list for PBXNativeTarget "Interactive StoryTests" */ = {
			isa = XCConfigurationList;
			buildConfigurations = (
				04B449391F97935700B69338 /* Debug */,
				04B4493A1F97935700B69338 /* Release */,
			);
			defaultConfigurationIsVisible = 0;
		};
		04B4493B1F97935700B69338 /* Build configuration list for PBXNativeTarget "Interactive StoryUITests" */ = {
			isa = XCConfigurationList;
			buildConfigurations = (
				04B4493C1F97935700B69338 /* Debug */,
				04B4493D1F97935700B69338 /* Release */,
			);
			defaultConfigurationIsVisible = 0;
		};
/* End XCConfigurationList section */
	};
	rootObject = 04B449051F97935600B69338 /* Project object */;
}
